
Microsoft Visual Studio Solution File, Format Version 12.00
# Visual Studio Version 17
VisualStudioVersion = 17.11.35208.52
MinimumVisualStudioVersion = 10.0.40219.1
Project("{9A19103F-16F7-4668-BE54-9A1E7A4F7556}") = "instacfpt.blazor", "instacfpt.blazor\instacfpt.blazor.csproj", "{486388C9-E429-44FF-888E-028C361F0163}"
EndProject
Project("{FAE04EC0-301F-11D3-BF4B-00C04F79EFBC}") = "InstaCFPT.API", "InstaCFPT.API\InstaCFPT.API.csproj", "{47B576B0-A222-421A-8652-835C9F73021F}"
EndProject
Global
	GlobalSection(SolutionConfigurationPlatforms) = preSolution
		Debug|Any CPU = Debug|Any CPU
		Release|Any CPU = Release|Any CPU
	EndGlobalSection
	GlobalSection(ProjectConfigurationPlatforms) = postSolution
		{486388C9-E429-44FF-888E-028C361F0163}.Debug|Any CPU.ActiveCfg = Debug|Any CPU
		{486388C9-E429-44FF-888E-028C361F0163}.Debug|Any CPU.Build.0 = Debug|Any CPU
		{486388C9-E429-44FF-888E-028C361F0163}.Release|Any CPU.ActiveCfg = Release|Any CPU
		{486388C9-E429-44FF-888E-028C361F0163}.Release|Any CPU.Build.0 = Release|Any CPU
		{47B576B0-A222-421A-8652-835C9F73021F}.Debug|Any CPU.ActiveCfg = Debug|Any CPU
		{47B576B0-A222-421A-8652-835C9F73021F}.Debug|Any CPU.Build.0 = Debug|Any CPU
		{47B576B0-A222-421A-8652-835C9F73021F}.Release|Any CPU.ActiveCfg = Release|Any CPU
		{47B576B0-A222-421A-8652-835C9F73021F}.Release|Any CPU.Build.0 = Release|Any CPU
	EndGlobalSection
	GlobalSection(SolutionProperties) = preSolution
		HideSolutionNode = FALSE
	EndGlobalSection
	GlobalSection(ExtensibilityGlobals) = postSolution
		SolutionGuid = {8434EBEC-CEEA-42EC-A5D1-EDC43DBABD00}
	EndGlobalSection
EndGlobal
